{
  "version": "5",
  "remote": {
    "https://deno.land/std@0.224.0/assert/_constants.ts": "a271e8ef5a573f1df8e822a6eb9d09df064ad66a4390f21b3e31f820a38e0975",
    "https://deno.land/std@0.224.0/assert/assert.ts": "09d30564c09de846855b7b071e62b5974b001bb72a4b797958fe0660e7849834",
    "https://deno.land/std@0.224.0/assert/assert_almost_equals.ts": "9e416114322012c9a21fa68e187637ce2d7df25bcbdbfd957cd639e65d3cf293",
    "https://deno.land/std@0.224.0/assert/assert_array_includes.ts": "14c5094471bc8e4a7895fc6aa5a184300d8a1879606574cb1cd715ef36a4a3c7",
    "https://deno.land/std@0.224.0/assert/assert_equals.ts": "3bbca947d85b9d374a108687b1a8ba3785a7850436b5a8930d81f34a32cb8c74",
    "https://deno.land/std@0.224.0/assert/assert_exists.ts": "43420cf7f956748ae6ed1230646567b3593cb7a36c5a5327269279c870c5ddfd",
    "https://deno.land/std@0.224.0/assert/assert_false.ts": "3e9be8e33275db00d952e9acb0cd29481a44fa0a4af6d37239ff58d79e8edeff",
    "https://deno.land/std@0.224.0/assert/assert_greater.ts": "5e57b201fd51b64ced36c828e3dfd773412c1a6120c1a5a99066c9b261974e46",
    "https://deno.land/std@0.224.0/assert/assert_greater_or_equal.ts": "9870030f997a08361b6f63400273c2fb1856f5db86c0c3852aab2a002e425c5b",
    "https://deno.land/std@0.224.0/assert/assert_instance_of.ts": "e22343c1fdcacfaea8f37784ad782683ec1cf599ae9b1b618954e9c22f376f2c",
    "https://deno.land/std@0.224.0/assert/assert_is_error.ts": "f856b3bc978a7aa6a601f3fec6603491ab6255118afa6baa84b04426dd3cc491",
    "https://deno.land/std@0.224.0/assert/assert_less.ts": "60b61e13a1982865a72726a5fa86c24fad7eb27c3c08b13883fb68882b307f68",
    "https://deno.land/std@0.224.0/assert/assert_less_or_equal.ts": "d2c84e17faba4afe085e6c9123a63395accf4f9e00150db899c46e67420e0ec3",
    "https://deno.land/std@0.224.0/assert/assert_match.ts": "ace1710dd3b2811c391946954234b5da910c5665aed817943d086d4d4871a8b7",
    "https://deno.land/std@0.224.0/assert/assert_not_equals.ts": "78d45dd46133d76ce624b2c6c09392f6110f0df9b73f911d20208a68dee2ef29",
    "https://deno.land/std@0.224.0/assert/assert_not_instance_of.ts": "3434a669b4d20cdcc5359779301a0588f941ffdc2ad68803c31eabdb4890cf7a",
    "https://deno.land/std@0.224.0/assert/assert_not_match.ts": "df30417240aa2d35b1ea44df7e541991348a063d9ee823430e0b58079a72242a",
    "https://deno.land/std@0.224.0/assert/assert_not_strict_equals.ts": "37f73880bd672709373d6dc2c5f148691119bed161f3020fff3548a0496f71b8",
    "https://deno.land/std@0.224.0/assert/assert_object_match.ts": "411450fd194fdaabc0089ae68f916b545a49d7b7e6d0026e84a54c9e7eed2693",
    "https://deno.land/std@0.224.0/assert/assert_rejects.ts": "4bee1d6d565a5b623146a14668da8f9eb1f026a4f338bbf92b37e43e0aa53c31",
    "https://deno.land/std@0.224.0/assert/assert_strict_equals.ts": "b4f45f0fd2e54d9029171876bd0b42dd9ed0efd8f853ab92a3f50127acfa54f5",
    "https://deno.land/std@0.224.0/assert/assert_string_includes.ts": "496b9ecad84deab72c8718735373feb6cdaa071eb91a98206f6f3cb4285e71b8",
    "https://deno.land/std@0.224.0/assert/assert_throws.ts": "c6508b2879d465898dab2798009299867e67c570d7d34c90a2d235e4553906eb",
    "https://deno.land/std@0.224.0/assert/assertion_error.ts": "ba8752bd27ebc51f723702fac2f54d3e94447598f54264a6653d6413738a8917",
    "https://deno.land/std@0.224.0/assert/equal.ts": "bddf07bb5fc718e10bb72d5dc2c36c1ce5a8bdd3b647069b6319e07af181ac47",
    "https://deno.land/std@0.224.0/assert/fail.ts": "0eba674ffb47dff083f02ced76d5130460bff1a9a68c6514ebe0cdea4abadb68",
    "https://deno.land/std@0.224.0/assert/mod.ts": "48b8cb8a619ea0b7958ad7ee9376500fe902284bb36f0e32c598c3dc34cbd6f3",
    "https://deno.land/std@0.224.0/assert/unimplemented.ts": "8c55a5793e9147b4f1ef68cd66496b7d5ba7a9e7ca30c6da070c1a58da723d73",
    "https://deno.land/std@0.224.0/assert/unreachable.ts": "5ae3dbf63ef988615b93eb08d395dda771c96546565f9e521ed86f6510c29e19",
    "https://deno.land/std@0.224.0/fmt/colors.ts": "508563c0659dd7198ba4bbf87e97f654af3c34eb56ba790260f252ad8012e1c5",
    "https://deno.land/std@0.224.0/internal/diff.ts": "6234a4b493ebe65dc67a18a0eb97ef683626a1166a1906232ce186ae9f65f4e6",
    "https://deno.land/std@0.224.0/internal/format.ts": "0a98ee226fd3d43450245b1844b47003419d34d210fa989900861c79820d21c2",
    "https://deno.land/std@0.224.0/internal/mod.ts": "534125398c8e7426183e12dc255bb635d94e06d0f93c60a297723abe69d3b22e",
    "https://esm.sh/hono@4.6.14": "7dc70dad8805d6e362db8b0a92d49628efc43fc4c7e64f8c6e1823aa4c275f76",
    "https://esm.sh/hono@4.6.14/cors": "3f71800451fc9f5f9e448c2b7a021580e8e1f9c4cf3a5894980f7675aa57ae1b",
    "https://esm.sh/hono@4.6.14/denonext/dist/compose.mjs": "51e105df9408aa728b200efb233fcb7d70d8adac5c62c86f8bb464d44637aeaf",
    "https://esm.sh/hono@4.6.14/denonext/dist/context.mjs": "d96c9b16f09ba54d76aa2ccbc1464dbf3127c28a9b987d51daa448df0e7b7bdf",
    "https://esm.sh/hono@4.6.14/denonext/dist/hono.mjs": "f009173825da00a84b7d9ca6293ac5311a866bab487e50c91ca796e6bbda3aaf",
    "https://esm.sh/hono@4.6.14/denonext/dist/utils/body.mjs": "d5b59ebe56d55a5df6fd21cc3a7e2dea9ee6e941e80f3526e1d9518a41814f4c",
    "https://esm.sh/hono@4.6.14/denonext/dist/utils/html.mjs": "242d61c25c4cb29a4a4bd68e3f6a669f7c70f76d1538373b91213eadad8deb7c",
    "https://esm.sh/hono@4.6.14/denonext/dist/utils/url.mjs": "e04e85bf69a7b18b679aaefaf287c62ad107fafbf91b3c1be31bcce5066c95c1",
    "https://esm.sh/hono@4.6.14/denonext/hono-base.mjs": "c54922bde18d65af48dff6fc27bea75ebda72a194972951aecb6f0f420dae386",
    "https://esm.sh/hono@4.6.14/denonext/hono.mjs": "bfa5e7a1c2ce269d83d532850b0fb3f5e20312efccd4cd337fb2f06bed833a99",
    "https://esm.sh/hono@4.6.14/denonext/request.mjs": "18e2e1f0801c99be51f459b91582ed93d5a9ee097b7252b5497fe064a67b39ca",
    "https://esm.sh/hono@4.6.14/denonext/router.mjs": "baf61b39fddd13cc4a6dc032f45b4ec838dec1a1d2789e727416c9a32eb32dcd",
    "https://esm.sh/hono@4.6.14/denonext/router/reg-exp-router.mjs": "5dab6e7104fd9737d2cd984cf89b21db0053f1941d09256fbff429a712bf8661",
    "https://esm.sh/hono@4.6.14/denonext/router/smart-router.mjs": "b81072e6fb17ef1e449bb87937186f90207d67338b5b60ead145369196ca21e4",
    "https://esm.sh/hono@4.6.14/denonext/router/trie-router.mjs": "35d2d0ebf4ee3333ecb879e68c236614b020cb9428679c64346a8a132889636c",
    "https://esm.sh/jose@6.2.3": "ca6ac89c6eb35e4bf7ca82095b4014a3c87f1112526dd76ad2e1c3a62fffa89f",
    "https://esm.sh/jose@6.2.3/denonext/base64url.mjs": "5bd3073d826168ad64b789f233cc186887d8a92ab13784a3794f965c236cbd7d",
    "https://esm.sh/jose@6.2.3/denonext/decode/protected_header.mjs": "22c36ad44eafcabcbd166f09863be3c9f0cdeaadc9eeeb94769848252b1baf56",
    "https://esm.sh/jose@6.2.3/denonext/dist/webapi/lib/asn1.mjs": "22b8fa8355907c1d1f040b2df3b2eb1387bb373c124a9f260882994612db966f",
    "https://esm.sh/jose@6.2.3/denonext/dist/webapi/lib/base64.mjs": "a22ac3608c15db34ea6f8ccd39a759b6546d6ce701e8c59fa0f80b64de5fda9f",
    "https://esm.sh/jose@6.2.3/denonext/dist/webapi/lib/buffer_utils.mjs": "7a71956af4dfe7097305d32be4841a1c4733902cbd75e72a99b5e4424deaa48f",
    "https://esm.sh/jose@6.2.3/denonext/dist/webapi/lib/check_key_type.mjs": "54447a2e12eaf6604d5d25dc791aa28bdf8bb5ef1664a287bc015455068808b7",
    "https://esm.sh/jose@6.2.3/denonext/dist/webapi/lib/content_encryption.mjs": "585fc83839568e89ac82bc7340bbe961f826a0d7a89229328813f90e70b271c3",
    "https://esm.sh/jose@6.2.3/denonext/dist/webapi/lib/crypto_key.mjs": "ac8984eab51d6633075776d5cae5dda99f4bb91367883a48b25026eab4090e61",
    "https://esm.sh/jose@6.2.3/denonext/dist/webapi/lib/deflate.mjs": "395db5b5990a0dbed6d6370c5764255f2d621c25b1d01f6255342147ccd91edb",
    "https://esm.sh/jose@6.2.3/denonext/dist/webapi/lib/helpers.mjs": "c832ff70d9af4db625db46eefca81a4923a19c9a7f1f651d2e3d4f461a34ba3a",
    "https://esm.sh/jose@6.2.3/denonext/dist/webapi/lib/invalid_key_input.mjs": "409908b8839522b9e0d6b9e39c7a1aff8c635d7dbe4f1d2a79b2849ebecc5339",
    "https://esm.sh/jose@6.2.3/denonext/dist/webapi/lib/is_key_like.mjs": "a6e6dde0c9bc1902ade9f2bbadf816d4e93dddd9e90c3c689eb3d2bba0e58826",
    "https://esm.sh/jose@6.2.3/denonext/dist/webapi/lib/jwk_to_key.mjs": "4c4c6f7fa59beea6e5f185f73fb0d44b2d56ff70cdbc83b85ab48a5b5ec2106b",
    "https://esm.sh/jose@6.2.3/denonext/dist/webapi/lib/jwt_claims_set.mjs": "b3c7dee906c277ba805190d3b0419db966a9c1a218edc8297f260996b0d94b2b",
    "https://esm.sh/jose@6.2.3/denonext/dist/webapi/lib/key_management.mjs": "2cf88c8afe139b54d245883b73217b05f3e5e224990128bb7a586f8d8d864d2d",
    "https://esm.sh/jose@6.2.3/denonext/dist/webapi/lib/normalize_key.mjs": "736ceb2ff7494119203c46d9c081f7121df46514729425a3d4cc32e622108dbe",
    "https://esm.sh/jose@6.2.3/denonext/dist/webapi/lib/signing.mjs": "5a0d70d346d761fd6233e3ccea83e24fa987fa6c925ca6ffa113fef7b0eddd55",
    "https://esm.sh/jose@6.2.3/denonext/dist/webapi/lib/type_checks.mjs": "af89a1f0328a8cc2f0895ae0e645f89e8d6512fa68ef5724f1d6cfa1b7ada345",
    "https://esm.sh/jose@6.2.3/denonext/dist/webapi/lib/validate_algorithms.mjs": "e388fbf29670e867c90ee6229f67e8e5c9466f8437e6e7ce77163be582437341",
    "https://esm.sh/jose@6.2.3/denonext/dist/webapi/lib/validate_crit.mjs": "acbe4757e2c762746524fc6270d6904d0321ff0b6ad6a6ebaad687a20bfb9c86",
    "https://esm.sh/jose@6.2.3/denonext/errors.mjs": "0af9bae1008dca9bbaecbe9a727b76eea9b9ac3796760482a49f8ef33ae5dd2c",
    "https://esm.sh/jose@6.2.3/denonext/jose.mjs": "1e8574df7d345cbc6099e1c257f3c0f7281d542bc1052b91f7de8fde90578c7d",
    "https://esm.sh/jose@6.2.3/denonext/jwe/compact/decrypt.mjs": "cef8d4494545968c1f213da05b43716eed02549d14f6a3249e2d664041434a96",
    "https://esm.sh/jose@6.2.3/denonext/jwe/compact/encrypt.mjs": "5a6c0eae5f35b21fae67f2e49f147d3ac67757ffdd965f19d5a60deb618ef960",
    "https://esm.sh/jose@6.2.3/denonext/jwe/flattened/decrypt.mjs": "fa41d48f44243ba87d5e9c5088044af21c79c283d908b6b984e9a69eaa178164",
    "https://esm.sh/jose@6.2.3/denonext/jwe/flattened/encrypt.mjs": "66071079c5916e04bbac0d6bec8fc32a1393d3a96fe180f94ed90f49ded54120",
    "https://esm.sh/jose@6.2.3/denonext/jwe/general/decrypt.mjs": "7161832b5c560d678a97227122672574ada126e8dce2c5ff7c6041120ee6e2d4",
    "https://esm.sh/jose@6.2.3/denonext/jwe/general/encrypt.mjs": "964fcccfe77f5c99a69d1d9318bd02f22743fa0e9a375e671957af2e263c788d",
    "https://esm.sh/jose@6.2.3/denonext/jwk/embedded.mjs": "ee3323fd10d29210f8076d6f5fbd07edbcba3a188d8e65ffade68b0035c63e98",
    "https://esm.sh/jose@6.2.3/denonext/jwk/thumbprint.mjs": "21926b0c797517206f76d19da470c66904659cb7ff9b5d92d7b1e0915ee2e945",
    "https://esm.sh/jose@6.2.3/denonext/jwks/local.mjs": "70af0b456a3027d319726a1d5388083dc05f8fae51494a29f182389da28beceb",
    "https://esm.sh/jose@6.2.3/denonext/jwks/remote.mjs": "fabe164ece01e9cb619a3fb7a9b88344846d319c238e77c4b2bbeb04f3a6b587",
    "https://esm.sh/jose@6.2.3/denonext/jws/compact/sign.mjs": "f99d80e53c0ee0d87003fbdd86a3e90c212b6028edaa3aa1b6e5a4dca11c2222",
    "https://esm.sh/jose@6.2.3/denonext/jws/compact/verify.mjs": "cfae502ee15d11bddf53d2931d3ac1ab050469debd48983d31d51d9e43759930",
    "https://esm.sh/jose@6.2.3/denonext/jws/flattened/sign.mjs": "a827421e4f68c7eb220f82a1d3cd8e6200a8ba66e20bffede5e5c957f2b7fde0",
    "https://esm.sh/jose@6.2.3/denonext/jws/flattened/verify.mjs": "66034821aee9b5b4b1ed6bf841381882e5296c2e0bdb1a9616597dc016fbcf4f",
    "https://esm.sh/jose@6.2.3/denonext/jws/general/sign.mjs": "267fa228a2960e9631d30267b548542e35adf10ca24e8e36e9155d643cc03943",
    "https://esm.sh/jose@6.2.3/denonext/jws/general/verify.mjs": "6d63a8994cf61f1d284a77f446ee1e9b3cdab7afede61bf0c924caeea7bea036",
    "https://esm.sh/jose@6.2.3/denonext/jwt/decode.mjs": "03849b92c27b3ce80e4df82655e706e2b6eb384e9aae55d595a54f4f3e510e01",
    "https://esm.sh/jose@6.2.3/denonext/jwt/decrypt.mjs": "4e66c97516ce6c190eb26b375b9c7e385942397fe01c874d3dba5b2da5b92690",
    "https://esm.sh/jose@6.2.3/denonext/jwt/encrypt.mjs": "549c8b53cec22befe23bfd65327bf536ac5674504f1ae9f6025bd850a8c2c8fa",
    "https://esm.sh/jose@6.2.3/denonext/jwt/sign.mjs": "6be3adcc0351ea7ca53c6a530e06b2c6234fbdd6d54dcf74069d9eac2bdd9656",
    "https://esm.sh/jose@6.2.3/denonext/jwt/unsecured.mjs": "3687efd69870c0ca565afe1d85dbc8437b5e4c43381426e9f0e315dbff441c0b",
    "https://esm.sh/jose@6.2.3/denonext/jwt/verify.mjs": "115fe561aa177b52985081a3211a80cd671beb255fbc740e9d8cfd3c738798b2",
    "https://esm.sh/jose@6.2.3/denonext/key/export.mjs": "70f5c2d12e3b317b58e4692082bd8ec86e9c5ecc7f39c5ef2a07660f901a8929",
    "https://esm.sh/jose@6.2.3/denonext/key/generate/keypair.mjs": "eb20f8606813e81a066d9476097eab3689ea515df37fd5b12d5267503501dc5b",
    "https://esm.sh/jose@6.2.3/denonext/key/generate/secret.mjs": "9f02e9b62d77791cd3751b14400fe8957ccf65cc48a597097fc63dc3ac36612d",
    "https://esm.sh/jose@6.2.3/denonext/key/import.mjs": "ba55a36437c58890128aaba0584ec8fc81a19a726ce9f4417021cb071bfe5197"
  }
}
